
Microsoft Visual Studio Solution File, Format Version 12.00
# Visual Studio Version 16
VisualStudioVersion = 16.0.31624.102
MinimumVisualStudioVersion = 10.0.40219.1
Project("{FAE04EC0-301F-11D3-BF4B-00C04F79EFBC}") = "NetworkTestHelper", "NetworkTestHelper\NetworkTestHelper.csproj", "{DE5AC4FC-234B-46A8-AC18-41EE721046C0}"
EndProject
Project("{FAE04EC0-301F-11D3-BF4B-00C04F79EFBC}") = "NetworkTests", "NetworkTests\NetworkTests.csproj", "{66EA6F94-90C8-4877-B7A3-F5ABFFFC373B}"
EndProject
Project("{FAE04EC0-301F-11D3-BF4B-00C04F79EFBC}") = "NetworkController", "NetworkController\NetworkController.csproj", "{4533B8CF-1C58-4580-B839-150DDDB39FFC}"
EndProject
Global
	GlobalSection(SolutionConfigurationPlatforms) = preSolution
		Debug|Any CPU = Debug|Any CPU
		Release|Any CPU = Release|Any CPU
	EndGlobalSection
	GlobalSection(ProjectConfigurationPlatforms) = postSolution
		{DE5AC4FC-234B-46A8-AC18-41EE721046C0}.Debug|Any CPU.ActiveCfg = Debug|Any CPU
		{DE5AC4FC-234B-46A8-AC18-41EE721046C0}.Debug|Any CPU.Build.0 = Debug|Any CPU
		{DE5AC4FC-234B-46A8-AC18-41EE721046C0}.Release|Any CPU.ActiveCfg = Release|Any CPU
		{DE5AC4FC-234B-46A8-AC18-41EE721046C0}.Release|Any CPU.Build.0 = Release|Any CPU
		{66EA6F94-90C8-4877-B7A3-F5ABFFFC373B}.Debug|Any CPU.ActiveCfg = Debug|Any CPU
		{66EA6F94-90C8-4877-B7A3-F5ABFFFC373B}.Debug|Any CPU.Build.0 = Debug|Any CPU
		{66EA6F94-90C8-4877-B7A3-F5ABFFFC373B}.Release|Any CPU.ActiveCfg = Release|Any CPU
		{66EA6F94-90C8-4877-B7A3-F5ABFFFC373B}.Release|Any CPU.Build.0 = Release|Any CPU
		{4533B8CF-1C58-4580-B839-150DDDB39FFC}.Debug|Any CPU.ActiveCfg = Debug|Any CPU
		{4533B8CF-1C58-4580-B839-150DDDB39FFC}.Debug|Any CPU.Build.0 = Debug|Any CPU
		{4533B8CF-1C58-4580-B839-150DDDB39FFC}.Release|Any CPU.ActiveCfg = Release|Any CPU
		{4533B8CF-1C58-4580-B839-150DDDB39FFC}.Release|Any CPU.Build.0 = Release|Any CPU
	EndGlobalSection
	GlobalSection(SolutionProperties) = preSolution
		HideSolutionNode = FALSE
	EndGlobalSection
	GlobalSection(ExtensibilityGlobals) = postSolution
		SolutionGuid = {0CF022F5-FEC1-4C6E-ABAF-1A1F37479760}
	EndGlobalSection
EndGlobal
